
Microsoft Visual Studio Solution File, Format Version 12.00
# Visual Studio Version 17
VisualStudioVersion = 17.2.32526.322
MinimumVisualStudioVersion = 10.0.40219.1
Project("{FAE04EC0-301F-11D3-BF4B-00C04F79EFBC}") = "CS18", "CS18\CS18.csproj", "{179B43AC-117C-4094-8CDB-48E5BF2CE2FE}"
EndProject
Global
	GlobalSection(SolutionConfigurationPlatforms) = preSolution
		Debug|Any CPU = Debug|Any CPU
		Release|Any CPU = Release|Any CPU
	EndGlobalSection
	GlobalSection(ProjectConfigurationPlatforms) = postSolution
		{179B43AC-117C-4094-8CDB-48E5BF2CE2FE}.Debug|Any CPU.ActiveCfg = Debug|Any CPU
		{179B43AC-117C-4094-8CDB-48E5BF2CE2FE}.Debug|Any CPU.Build.0 = Debug|Any CPU
		{179B43AC-117C-4094-8CDB-48E5BF2CE2FE}.Release|Any CPU.ActiveCfg = Release|Any CPU
		{179B43AC-117C-4094-8CDB-48E5BF2CE2FE}.Release|Any CPU.Build.0 = Release|Any CPU
	EndGlobalSection
	GlobalSection(SolutionProperties) = preSolution
		HideSolutionNode = FALSE
	EndGlobalSection
	GlobalSection(ExtensibilityGlobals) = postSolution
		SolutionGuid = {E69A6C97-766C-4601-959B-BCEB6A99E5E4}
	EndGlobalSection
EndGlobal
